// !$*UTF8*$!
{
	archiveVersion = 1;
	classes = {
	};
	objectVersion = 50;
	objects = {

/* Begin PBXBuildFile section */
		EAF904C2257835C800D2A54E /* AppDelegate.swift in Sources */ = {isa = PBXBuildFile; fileRef = EAF904C1257835C800D2A54E /* AppDelegate.swift */; };
		EAF904C4257835C800D2A54E /* SceneDelegate.swift in Sources */ = {isa = PBXBuildFile; fileRef = EAF904C3257835C800D2A54E /* SceneDelegate.swift */; };
		EAF904C6257835C800D2A54E /* ContentView.swift in Sources */ = {isa = PBXBuildFile; fileRef = EAF904C5257835C800D2A54E /* ContentView.swift */; };
		EAF904C8257835D200D2A54E /* Assets.xcassets in Resources */ = {isa = PBXBuildFile; fileRef = EAF904C7257835D200D2A54E /* Assets.xcassets */; };
		EAF904CB257835D200D2A54E /* Preview Assets.xcassets in Resources */ = {isa = PBXBuildFile; fileRef = EAF904CA257835D200D2A54E /* Preview Assets.xcassets */; };
		EAF904CE257835D200D2A54E /* LaunchScreen.storyboard in Resources */ = {isa = PBXBuildFile; fileRef = EAF904CC257835D200D2A54E /* LaunchScreen.storyboard */; };
/* End PBXBuildFile section */

/* Begin PBXFileReference section */
		EAF904BE257835C800D2A54E /* Tonagh Civil.app */ = {isa = PBXFileReference; explicitFileType = wrapper.application; includeInIndex = 0; path = "Tonagh Civil.app"; sourceTree = BUILT_PRODUCTS_DIR; };
		EAF904C1257835C800D2A54E /* AppDelegate.swift */ = {isa = PBXFileReference; lastKnownFileType = sourcecode.swift; path = AppDelegate.swift; sourceTree = "<group>"; };
		EAF904C3257835C800D2A54E /* SceneDelegate.swift */ = {isa = PBXFileReference; lastKnownFileType = sourcecode.swift; path = SceneDelegate.swift; sourceTree = "<group>"; };
		EAF904C5257835C800D2A54E /* ContentView.swift */ = {isa = PBXFileReference; lastKnownFileType = sourcecode.swift; path = ContentView.swift; sourceTree = "<group>"; };
		EAF904C7257835D200D2A54E /* Assets.xcassets */ = {isa = PBXFileReference; lastKnownFileType = folder.assetcatalog; path = Assets.xcassets; sourceTree = "<group>"; };
		EAF904CA257835D200D2A54E /* Preview Assets.xcassets */ = {isa = PBXFileReference; lastKnownFileType = folder.assetcatalog; path = "Preview Assets.xcassets"; sourceTree = "<group>"; };
		EAF904CD257835D200D2A54E /* Base */ = {isa = PBXFileReference; lastKnownFileType = file.storyboard; name = Base; path = Base.lproj/LaunchScreen.storyboard; sourceTree = "<group>"; };
		EAF904CF257835D200D2A54E /* Info.plist */ = {isa = PBXFileReference; lastKnownFileType = text.plist.xml; path = Info.plist; sourceTree = "<group>"; };
/* End PBXFileReference section */

/* Begin PBXFrameworksBuildPhase section */
		EAF904BB257835C800D2A54E /* Frameworks */ = {
			isa = PBXFrameworksBuildPhase;
			buildActionMask = 2147483647;
			files = (
			);
			runOnlyForDeploymentPostprocessing = 0;
		};
/* End PBXFrameworksBuildPhase section */

/* Begin PBXGroup section */
		EAF904B5257835C800D2A54E = {
			isa = PBXGroup;
			children = (
				EAF904C0257835C800D2A54E /* Tonagh Civil */,
				EAF904BF257835C800D2A54E /* Products */,
			);
			sourceTree = "<group>";
		};
		EAF904BF257835C800D2A54E /* Products */ = {
			isa = PBXGroup;
			children = (
				EAF904BE257835C800D2A54E /* Tonagh Civil.app */,
			);
			name = Products;
			sourceTree = "<group>";
		};
		EAF904C0257835C800D2A54E /* Tonagh Civil */ = {
			isa = PBXGroup;
			children = (
				EAF904C1257835C800D2A54E /* AppDelegate.swift */,
				EAF904C3257835C800D2A54E /* SceneDelegate.swift */,
				EAF904C5257835C800D2A54E /* ContentView.swift */,
				EAF904C7257835D200D2A54E /* Assets.xcassets */,
				EAF904CC257835D200D2A54E /* LaunchScreen.storyboard */,
				EAF904CF257835D200D2A54E /* Info.plist */,
				EAF904C9257835D200D2A54E /* Preview Content */,
			);
			path = "Tonagh Civil";
			sourceTree = "<group>";
		};
		EAF904C9257835D200D2A54E /* Preview Content */ = {
			isa = PBXGroup;
			children = (
				EAF904CA257835D200D2A54E /* Preview Assets.xcassets */,
			);
			path = "Preview Content";
			sourceTree = "<group>";
		};
/* End PBXGroup section */

/* Begin PBXNativeTarget section */
		EAF904BD257835C800D2A54E /* Tonagh Civil */ = {
			isa = PBXNativeTarget;
			buildConfigurationList = EAF904D2257835D200D2A54E /* Build configuration list for PBXNativeTarget "Tonagh Civil" */;
			buildPhases = (
				EAF904BA257835C800D2A54E /* Sources */,
				EAF904BB257835C800D2A54E /* Frameworks */,
				EAF904BC257835C800D2A54E /* Resources */,
			);
			buildRules = (
			);
			dependencies = (
			);
			name = "Tonagh Civil";
			productName = "Tonagh Civil";
			productReference = EAF904BE257835C800D2A54E /* Tonagh Civil.app */;
			productType = "com.apple.product-type.application";
		};
/* End PBXNativeTarget section */

/* Begin PBXProject section */
		EAF904B6257835C800D2A54E /* Project object */ = {
			isa = PBXProject;
			attributes = {
				LastSwiftUpdateCheck = 1170;
				LastUpgradeCheck = 1170;
				ORGANIZATIONNAME = Sperringold;
				TargetAttributes = {
					EAF904BD257835C800D2A54E = {
						CreatedOnToolsVersion = 11.7;
					};
				};
			};
			buildConfigurationList = EAF904B9257835C800D2A54E /* Build configuration list for PBXProject "Tonagh Civil" */;
			compatibilityVersion = "Xcode 9.3";
			developmentRegion = en;
			hasScannedForEncodings = 0;
			knownRegions = (
				en,
				Base,
			);
			mainGroup = EAF904B5257835C800D2A54E;
			productRefGroup = EAF904BF257835C800D2A54E /* Products */;
			projectDirPath = "";
			projectRoot = "";
			targets = (
				EAF904BD257835C800D2A54E /* Tonagh Civil */,
			);
		};
/* End PBXProject section */

/* Begin PBXResourcesBuildPhase section */
		EAF904BC257835C800D2A54E /* Resources */ = {
			isa = PBXResourcesBuildPhase;
			buildActionMask = 2147483647;
			files = (
				EAF904CE257835D200D2A54E /* LaunchScreen.storyboard in Resources */,
				EAF904CB257835D200D2A54E /* Preview Assets.xcassets in Resources */,
				EAF904C8257835D200D2A54E /* Assets.xcassets in Resources */,
			);
			runOnlyForDeploymentPostprocessing = 0;
		};
/* End PBXResourcesBuildPhase section */

/* Begin PBXSourcesBuildPhase section */
		EAF904BA257835C800D2A54E /* Sources */ = {
			isa = PBXSourcesBuildPhase;
			buildActionMask = 2147483647;
			files = (
				EAF904C2257835C800D2A54E /* AppDelegate.swift in Sources */,
				EAF904C4257835C800D2A54E /* SceneDelegate.swift in Sources */,
				EAF904C6257835C800D2A54E /* ContentView.swift in Sources */,
			);
			runOnlyForDeploymentPostprocessing = 0;
		};
/* End PBXSourcesBuildPhase section */

/* Begin PBXVariantGroup section */
		EAF904CC257835D200D2A54E /* LaunchScreen.storyboard */ = {
			isa = PBXVariantGroup;
			children = (
				EAF904CD257835D200D2A54E /* Base */,
			);
			name = LaunchScreen.storyboard;
			sourceTree = "<group>";
		};
/* End PBXVariantGroup section */

/* Begin XCBuildConfiguration section */
		EAF904D0257835D200D2A54E /* Debug */ = {
			isa = XCBuildConfiguration;
			buildSettings = {
				ALWAYS_SEARCH_USER_PATHS = NO;
				CLANG_ANALYZER_NONNULL = YES;
				CLANG_ANALYZER_NUMBER_OBJECT_CONVERSION = YES_AGGRESSIVE;
				CLANG_CXX_LANGUAGE_STANDARD = "gnu++14";
				CLANG_CXX_LIBRARY = "libc++";
				CLANG_ENABLE_MODULES = YES;
				CLANG_ENABLE_OBJC_ARC = YES;
				CLANG_ENABLE_OBJC_WEAK = YES;
				CLANG_WARN_BLOCK_CAPTURE_AUTORELEASING = YES;
				CLANG_WARN_BOOL_CONVERSION = YES;
				CLANG_WARN_COMMA = YES;
				CLANG_WARN_CONSTANT_CONVERSION = YES;
				CLANG_WARN_DEPRECATED_OBJC_IMPLEMENTATIONS = YES;
				CLANG_WARN_DIRECT_OBJC_ISA_USAGE = YES_ERROR;
				CLANG_WARN_DOCUMENTATION_COMMENTS = YES;
				CLANG_WARN_EMPTY_BODY = YES;
				CLANG_WARN_ENUM_CONVERSION = YES;
				CLANG_WARN_INFINITE_RECURSION = YES;
				CLANG_WARN_INT_CONVERSION = YES;
				CLANG_WARN_NON_LITERAL_NULL_CONVERSION = YES;
				CLANG_WARN_OBJC_IMPLICIT_RETAIN_SELF = YES;
				CLANG_WARN_OBJC_LITERAL_CONVERSION = YES;
				CLANG_WARN_OBJC_ROOT_CLASS = YES_ERROR;
				CLANG_WARN_RANGE_LOOP_ANALYSIS = YES;
				CLANG_WARN_STRICT_PROTOTYPES = YES;
				CLANG_WARN_SUSPICIOUS_MOVE = YES;
				CLANG_WARN_UNGUARDED_AVAILABILITY = YES_AGGRESSIVE;
				CLANG_WARN_UNREACHABLE_CODE = YES;
				CLANG_WARN__DUPLICATE_METHOD_MATCH = YES;
				COPY_PHASE_STRIP = NO;
				DEBUG_INFORMATION_FORMAT = dwarf;
				ENABLE_STRICT_OBJC_MSGSEND = YES;
				ENABLE_TESTABILITY = YES;
				GCC_C_LANGUAGE_STANDARD = gnu11;
				GCC_DYNAMIC_NO_PIC = NO;
				GCC_NO_COMMON_BLOCKS = YES;
				GCC_OPTIMIZATION_LEVEL = 0;
				GCC_PREPROCESSOR_DEFINITIONS = (
					"DEBUG=1",
					"$(inherited)",
				);
				GCC_WARN_64_TO_32_BIT_CONVERSION = YES;
				GCC_WARN_ABOUT_RETURN_TYPE = YES_ERROR;
				GCC_WARN_UNDECLARED_SELECTOR = YES;
				GCC_WARN_UNINITIALIZED_AUTOS = YES_AGGRESSIVE;
				GCC_WARN_UNUSED_FUNCTION = YES;
				GCC_WARN_UNUSED_VARIABLE = YES;
				IPHONEOS_DEPLOYMENT_TARGET = 13.7;
				MTL_ENABLE_DEBUG_INFO = INCLUDE_SOURCE;
				MTL_FAST_MATH = YES;
				ONLY_ACTIVE_ARCH = YES;
				SDKROOT = iphoneos;
				SWIFT_ACTIVE_COMPILATION_CONDITIONS = DEBUG;
				SWIFT_OPTIMIZATION_LEVEL = "-Onone";
			};
			name = Debug;
		};
		EAF904D1257835D200D2A54E /* Release */ = {
			isa = XCBuildConfiguration;
			buildSettings = {
				ALWAYS_SEARCH_USER_PATHS = NO;
				CLANG_ANALYZER_NONNULL = YES;
				CLANG_ANALYZER_NUMBER_OBJECT_CONVERSION = YES_AGGRESSIVE;
				CLANG_CXX_LANGUAGE_STANDARD = "gnu++14";
				CLANG_CXX_LIBRARY = "libc++";
				CLANG_ENABLE_MODULES = YES;
				CLANG_ENABLE_OBJC_ARC = YES;
				CLANG_ENABLE_OBJC_WEAK = YES;
				CLANG_WARN_BLOCK_CAPTURE_AUTORELEASING = YES;
				CLANG_WARN_BOOL_CONVERSION = YES;
				CLANG_WARN_COMMA = YES;
				CLANG_WARN_CONSTANT_CONVERSION = YES;
				CLANG_WARN_DEPRECATED_OBJC_IMPLEMENTATIONS = YES;
				CLANG_WARN_DIRECT_OBJC_ISA_USAGE = YES_ERROR;
				CLANG_WARN_DOCUMENTATION_COMMENTS = YES;
				CLANG_WARN_EMPTY_BODY = YES;
				CLANG_WARN_ENUM_CONVERSION = YES;
				CLANG_WARN_INFINITE_RECURSION = YES;
				CLANG_WARN_INT_CONVERSION = YES;
				CLANG_WARN_NON_LITERAL_NULL_CONVERSION = YES;
				CLANG_WARN_OBJC_IMPLICIT_RETAIN_SELF = YES;
				CLANG_WARN_OBJC_LITERAL_CONVERSION = YES;
				CLANG_WARN_OBJC_ROOT_CLASS = YES_ERROR;
				CLANG_WARN_RANGE_LOOP_ANALYSIS = YES;
				CLANG_WARN_STRICT_PROTOTYPES = YES;
				CLANG_WARN_SUSPICIOUS_MOVE = YES;
				CLANG_WARN_UNGUARDED_AVAILABILITY = YES_AGGRESSIVE;
				CLANG_WARN_UNREACHABLE_CODE = YES;
				CLANG_WARN__DUPLICATE_METHOD_MATCH = YES;
				COPY_PHASE_STRIP = NO;
				DEBUG_INFORMATION_FORMAT = "dwarf-with-dsym";
				ENABLE_NS_ASSERTIONS = NO;
				ENABLE_STRICT_OBJC_MSGSEND = YES;
				GCC_C_LANGUAGE_STANDARD = gnu11;
				GCC_NO_COMMON_BLOCKS = YES;
				GCC_WARN_64_TO_32_BIT_CONVERSION = YES;
				GCC_WARN_ABOUT_RETURN_TYPE = YES_ERROR;
				GCC_WARN_UNDECLARED_SELECTOR = YES;
				GCC_WARN_UNINITIALIZED_AUTOS = YES_AGGRESSIVE;
				GCC_WARN_UNUSED_FUNCTION = YES;
				GCC_WARN_UNUSED_VARIABLE = YES;
				IPHONEOS_DEPLOYMENT_TARGET = 13.7;
				MTL_ENABLE_DEBUG_INFO = NO;
				MTL_FAST_MATH = YES;
				SDKROOT = iphoneos;
				SWIFT_COMPILATION_MODE = wholemodule;
				SWIFT_OPTIMIZATION_LEVEL = "-O";
				VALIDATE_PRODUCT = YES;
			};
			name = Release;
		};
		EAF904D3257835D200D2A54E /* Debug */ = {
			isa = XCBuildConfiguration;
			buildSettings = {
				ASSETCATALOG_COMPILER_APPICON_NAME = AppIcon;
				CODE_SIGN_STYLE = Automatic;
				DEVELOPMENT_ASSET_PATHS = "\"Tonagh Civil/Preview Content\"";
				DEVELOPMENT_TEAM = 666T6G39N5;
				ENABLE_PREVIEWS = YES;
				INFOPLIST_FILE = "Tonagh Civil/Info.plist";
				LD_RUNPATH_SEARCH_PATHS = (
					"$(inherited)",
					"@executable_path/Frameworks",
				);
				PRODUCT_BUNDLE_IDENTIFIER = "com.sperringold.smith.gary.Tonagh-Civil";
				PRODUCT_NAME = "$(TARGET_NAME)";
				SWIFT_VERSION = 5.0;
				TARGETED_DEVICE_FAMILY = "1,2";
			};
			name = Debug;
		};
		EAF904D4257835D200D2A54E /* Release */ = {
			isa = XCBuildConfiguration;
			buildSettings = {
				ASSETCATALOG_COMPILER_APPICON_NAME = AppIcon;
				CODE_SIGN_STYLE = Automatic;
				DEVELOPMENT_ASSET_PATHS = "\"Tonagh Civil/Preview Content\"";
				DEVELOPMENT_TEAM = 666T6G39N5;
				ENABLE_PREVIEWS = YES;
				INFOPLIST_FILE = "Tonagh Civil/Info.plist";
				LD_RUNPATH_SEARCH_PATHS = (
					"$(inherited)",
					"@executable_path/Frameworks",
				);
				PRODUCT_BUNDLE_IDENTIFIER = "com.sperringold.smith.gary.Tonagh-Civil";
				PRODUCT_NAME = "$(TARGET_NAME)";
				SWIFT_VERSION = 5.0;
				TARGETED_DEVICE_FAMILY = "1,2";
			};
			name = Release;
		};
/* End XCBuildConfiguration section */

/* Begin XCConfigurationList section */
		EAF904B9257835C800D2A54E /* Build configuration list for PBXProject "Tonagh Civil" */ = {
			isa = XCConfigurationList;
			buildConfigurations = (
				EAF904D0257835D200D2A54E /* Debug */,
				EAF904D1257835D200D2A54E /* Release */,
			);
			defaultConfigurationIsVisible = 0;
			defaultConfigurationName = Release;
		};
		EAF904D2257835D200D2A54E /* Build configuration list for PBXNativeTarget "Tonagh Civil" */ = {
			isa = XCConfigurationList;
			buildConfigurations = (
				EAF904D3257835D200D2A54E /* Debug */,
				EAF904D4257835D200D2A54E /* Release */,
			);
			defaultConfigurationIsVisible = 0;
			defaultConfigurationName = Release;
		};
/* End XCConfigurationList section */
	};
	rootObject = EAF904B6257835C800D2A54E /* Project object */;
}
